// !$*UTF8*$!
{
	archiveVersion = 1;
	classes = {
	};
	objectVersion = 56;
	objects = {

/* Begin PBXBuildFile section */
		9435A2D82B85F7740009CE29 /* AppDelegate.swift in Sources */ = {isa = PBXBuildFile; fileRef = 9435A2D72B85F7740009CE29 /* AppDelegate.swift */; };
		9435A2DA2B85F7740009CE29 /* SceneDelegate.swift in Sources */ = {isa = PBXBuildFile; fileRef = 9435A2D92B85F7740009CE29 /* SceneDelegate.swift */; };
		9435A2DC2B85F7740009CE29 /* ViewController.swift in Sources */ = {isa = PBXBuildFile; fileRef = 9435A2DB2B85F7740009CE29 /* ViewController.swift */; };
		9435A2E12B85F7780009CE29 /* Assets.xcassets in Resources */ = {isa = PBXBuildFile; fileRef = 9435A2E02B85F7780009CE29 /* Assets.xcassets */; };
		9435A2E42B85F7780009CE29 /* LaunchScreen.storyboard in Resources */ = {isa = PBXBuildFile; fileRef = 9435A2E22B85F7780009CE29 /* LaunchScreen.storyboard */; };
		9435A2F02B85FA290009CE29 /* RxCocoa in Frameworks */ = {isa = PBXBuildFile; productRef = 9435A2EF2B85FA290009CE29 /* RxCocoa */; };
		9435A2F22B85FA290009CE29 /* RxRelay in Frameworks */ = {isa = PBXBuildFile; productRef = 9435A2F12B85FA290009CE29 /* RxRelay */; };
		9435A2F42B85FA290009CE29 /* RxSwift in Frameworks */ = {isa = PBXBuildFile; productRef = 9435A2F32B85FA290009CE29 /* RxSwift */; };
		9435A2F72B85FA360009CE29 /* SnapKit in Frameworks */ = {isa = PBXBuildFile; productRef = 9435A2F62B85FA360009CE29 /* SnapKit */; };
		9435A2FA2B85FA560009CE29 /* Then in Frameworks */ = {isa = PBXBuildFile; productRef = 9435A2F92B85FA560009CE29 /* Then */; };
		9435A2FC2B85FB8F0009CE29 /* TransactionTopView.swift in Sources */ = {isa = PBXBuildFile; fileRef = 9435A2FB2B85FB8F0009CE29 /* TransactionTopView.swift */; };
		9435A3012B860C7F0009CE29 /* TransactionTableViewCell.swift in Sources */ = {isa = PBXBuildFile; fileRef = 9435A3002B860C7F0009CE29 /* TransactionTableViewCell.swift */; };
		9435A3052B8611A50009CE29 /* UIViewController+.swift in Sources */ = {isa = PBXBuildFile; fileRef = 9435A3042B8611A50009CE29 /* UIViewController+.swift */; };
		9435A3072B86154F0009CE29 /* UIColor+.swift in Sources */ = {isa = PBXBuildFile; fileRef = 9435A3062B86154F0009CE29 /* UIColor+.swift */; };
		9435A30A2B861C580009CE29 /* DGCharts in Frameworks */ = {isa = PBXBuildFile; productRef = 9435A3092B861C580009CE29 /* DGCharts */; };
		9435A30C2B861DF50009CE29 /* TransactionViewModel.swift in Sources */ = {isa = PBXBuildFile; fileRef = 9435A30B2B861DF50009CE29 /* TransactionViewModel.swift */; };
		9435A30E2B861E7B0009CE29 /* TransactionModel.swift in Sources */ = {isa = PBXBuildFile; fileRef = 9435A30D2B861E7B0009CE29 /* TransactionModel.swift */; };
		9435A3162B862AC20009CE29 /* RecentTransactionButtonView.swift in Sources */ = {isa = PBXBuildFile; fileRef = 9435A3152B862AC20009CE29 /* RecentTransactionButtonView.swift */; };
		9435A31A2B865F290009CE29 /* splitTransactionData.swift in Sources */ = {isa = PBXBuildFile; fileRef = 9435A3192B865F290009CE29 /* splitTransactionData.swift */; };
		9435A31D2B866C990009CE29 /* Realm in Frameworks */ = {isa = PBXBuildFile; productRef = 9435A31C2B866C990009CE29 /* Realm */; };
		9435A31F2B866C990009CE29 /* RealmSwift in Frameworks */ = {isa = PBXBuildFile; productRef = 9435A31E2B866C990009CE29 /* RealmSwift */; };
/* End PBXBuildFile section */

/* Begin PBXFileReference section */
		9435A2D42B85F7740009CE29 /* delight_labs_assignment.app */ = {isa = PBXFileReference; explicitFileType = wrapper.application; includeInIndex = 0; path = delight_labs_assignment.app; sourceTree = BUILT_PRODUCTS_DIR; };
		9435A2D72B85F7740009CE29 /* AppDelegate.swift */ = {isa = PBXFileReference; lastKnownFileType = sourcecode.swift; path = AppDelegate.swift; sourceTree = "<group>"; };
		9435A2D92B85F7740009CE29 /* SceneDelegate.swift */ = {isa = PBXFileReference; lastKnownFileType = sourcecode.swift; path = SceneDelegate.swift; sourceTree = "<group>"; };
		9435A2DB2B85F7740009CE29 /* ViewController.swift */ = {isa = PBXFileReference; lastKnownFileType = sourcecode.swift; path = ViewController.swift; sourceTree = "<group>"; };
		9435A2E02B85F7780009CE29 /* Assets.xcassets */ = {isa = PBXFileReference; lastKnownFileType = folder.assetcatalog; path = Assets.xcassets; sourceTree = "<group>"; };
		9435A2E32B85F7780009CE29 /* Base */ = {isa = PBXFileReference; lastKnownFileType = file.storyboard; name = Base; path = Base.lproj/LaunchScreen.storyboard; sourceTree = "<group>"; };
		9435A2E52B85F7780009CE29 /* Info.plist */ = {isa = PBXFileReference; lastKnownFileType = text.plist.xml; path = Info.plist; sourceTree = "<group>"; };
		9435A2FB2B85FB8F0009CE29 /* TransactionTopView.swift */ = {isa = PBXFileReference; lastKnownFileType = sourcecode.swift; path = TransactionTopView.swift; sourceTree = "<group>"; };
		9435A3002B860C7F0009CE29 /* TransactionTableViewCell.swift */ = {isa = PBXFileReference; lastKnownFileType = sourcecode.swift; path = TransactionTableViewCell.swift; sourceTree = "<group>"; };
		9435A3042B8611A50009CE29 /* UIViewController+.swift */ = {isa = PBXFileReference; lastKnownFileType = sourcecode.swift; path = "UIViewController+.swift"; sourceTree = "<group>"; };
		9435A3062B86154F0009CE29 /* UIColor+.swift */ = {isa = PBXFileReference; lastKnownFileType = sourcecode.swift; path = "UIColor+.swift"; sourceTree = "<group>"; };
		9435A30B2B861DF50009CE29 /* TransactionViewModel.swift */ = {isa = PBXFileReference; lastKnownFileType = sourcecode.swift; path = TransactionViewModel.swift; sourceTree = "<group>"; };
		9435A30D2B861E7B0009CE29 /* TransactionModel.swift */ = {isa = PBXFileReference; lastKnownFileType = sourcecode.swift; path = TransactionModel.swift; sourceTree = "<group>"; };
		9435A3152B862AC20009CE29 /* RecentTransactionButtonView.swift */ = {isa = PBXFileReference; lastKnownFileType = sourcecode.swift; path = RecentTransactionButtonView.swift; sourceTree = "<group>"; };
		9435A3192B865F290009CE29 /* splitTransactionData.swift */ = {isa = PBXFileReference; lastKnownFileType = sourcecode.swift; path = splitTransactionData.swift; sourceTree = "<group>"; };
/* End PBXFileReference section */

/* Begin PBXFrameworksBuildPhase section */
		9435A2D12B85F7740009CE29 /* Frameworks */ = {
			isa = PBXFrameworksBuildPhase;
			buildActionMask = 2147483647;
			files = (
				9435A31F2B866C990009CE29 /* RealmSwift in Frameworks */,
				9435A31D2B866C990009CE29 /* Realm in Frameworks */,
				9435A2FA2B85FA560009CE29 /* Then in Frameworks */,
				9435A2F42B85FA290009CE29 /* RxSwift in Frameworks */,
				9435A2F72B85FA360009CE29 /* SnapKit in Frameworks */,
				9435A2F22B85FA290009CE29 /* RxRelay in Frameworks */,
				9435A30A2B861C580009CE29 /* DGCharts in Frameworks */,
				9435A2F02B85FA290009CE29 /* RxCocoa in Frameworks */,
			);
			runOnlyForDeploymentPostprocessing = 0;
		};
/* End PBXFrameworksBuildPhase section */

/* Begin PBXGroup section */
		9435A2CB2B85F7740009CE29 = {
			isa = PBXGroup;
			children = (
				9435A2D62B85F7740009CE29 /* delight_labs_assignment */,
				9435A2D52B85F7740009CE29 /* Products */,
			);
			sourceTree = "<group>";
		};
		9435A2D52B85F7740009CE29 /* Products */ = {
			isa = PBXGroup;
			children = (
				9435A2D42B85F7740009CE29 /* delight_labs_assignment.app */,
			);
			name = Products;
			sourceTree = "<group>";
		};
		9435A2D62B85F7740009CE29 /* delight_labs_assignment */ = {
			isa = PBXGroup;
			children = (
				9435A2EB2B85F8030009CE29 /* Data */,
				9435A2EC2B85F81F0009CE29 /* Presentation */,
				9435A2ED2B85F82D0009CE29 /* Domain */,
				9435A3022B8611010009CE29 /* Resource */,
				9435A2D72B85F7740009CE29 /* AppDelegate.swift */,
				9435A2D92B85F7740009CE29 /* SceneDelegate.swift */,
				9435A2E02B85F7780009CE29 /* Assets.xcassets */,
				9435A2E22B85F7780009CE29 /* LaunchScreen.storyboard */,
				9435A2E52B85F7780009CE29 /* Info.plist */,
			);
			path = delight_labs_assignment;
			sourceTree = "<group>";
		};
		9435A2EB2B85F8030009CE29 /* Data */ = {
			isa = PBXGroup;
			children = (
				9435A3192B865F290009CE29 /* splitTransactionData.swift */,
			);
			path = Data;
			sourceTree = "<group>";
		};
		9435A2EC2B85F81F0009CE29 /* Presentation */ = {
			isa = PBXGroup;
			children = (
				9435A3142B862A7D0009CE29 /* View */,
				9435A3112B8629550009CE29 /* Recent Transactions */,
				9435A2DB2B85F7740009CE29 /* ViewController.swift */,
				9435A30B2B861DF50009CE29 /* TransactionViewModel.swift */,
			);
			path = Presentation;
			sourceTree = "<group>";
		};
		9435A2ED2B85F82D0009CE29 /* Domain */ = {
			isa = PBXGroup;
			children = (
				9435A30D2B861E7B0009CE29 /* TransactionModel.swift */,
			);
			path = Domain;
			sourceTree = "<group>";
		};
		9435A3022B8611010009CE29 /* Resource */ = {
			isa = PBXGroup;
			children = (
				9435A3032B86110F0009CE29 /* Extension */,
			);
			path = Resource;
			sourceTree = "<group>";
		};
		9435A3032B86110F0009CE29 /* Extension */ = {
			isa = PBXGroup;
			children = (
				9435A3042B8611A50009CE29 /* UIViewController+.swift */,
				9435A3062B86154F0009CE29 /* UIColor+.swift */,
			);
			path = Extension;
			sourceTree = "<group>";
		};
		9435A3112B8629550009CE29 /* Recent Transactions */ = {
			isa = PBXGroup;
			children = (
				9435A3002B860C7F0009CE29 /* TransactionTableViewCell.swift */,
			);
			path = "Recent Transactions";
			sourceTree = "<group>";
		};
		9435A3142B862A7D0009CE29 /* View */ = {
			isa = PBXGroup;
			children = (
				9435A2FB2B85FB8F0009CE29 /* TransactionTopView.swift */,
				9435A3152B862AC20009CE29 /* RecentTransactionButtonView.swift */,
			);
			path = View;
			sourceTree = "<group>";
		};
/* End PBXGroup section */

/* Begin PBXNativeTarget section */
		9435A2D32B85F7740009CE29 /* delight_labs_assignment */ = {
			isa = PBXNativeTarget;
			buildConfigurationList = 9435A2E82B85F7780009CE29 /* Build configuration list for PBXNativeTarget "delight_labs_assignment" */;
			buildPhases = (
				9435A2D02B85F7740009CE29 /* Sources */,
				9435A2D12B85F7740009CE29 /* Frameworks */,
				9435A2D22B85F7740009CE29 /* Resources */,
			);
			buildRules = (
			);
			dependencies = (
			);
			name = delight_labs_assignment;
			packageProductDependencies = (
				9435A2EF2B85FA290009CE29 /* RxCocoa */,
				9435A2F12B85FA290009CE29 /* RxRelay */,
				9435A2F32B85FA290009CE29 /* RxSwift */,
				9435A2F62B85FA360009CE29 /* SnapKit */,
				9435A2F92B85FA560009CE29 /* Then */,
				9435A3092B861C580009CE29 /* DGCharts */,
				9435A31C2B866C990009CE29 /* Realm */,
				9435A31E2B866C990009CE29 /* RealmSwift */,
			);
			productName = delight_labs_assignment;
			productReference = 9435A2D42B85F7740009CE29 /* delight_labs_assignment.app */;
			productType = "com.apple.product-type.application";
		};
/* End PBXNativeTarget section */

/* Begin PBXProject section */
		9435A2CC2B85F7740009CE29 /* Project object */ = {
			isa = PBXProject;
			attributes = {
				BuildIndependentTargetsInParallel = 1;
				LastSwiftUpdateCheck = 1520;
				LastUpgradeCheck = 1520;
				TargetAttributes = {
					9435A2D32B85F7740009CE29 = {
						CreatedOnToolsVersion = 15.2;
					};
				};
			};
			buildConfigurationList = 9435A2CF2B85F7740009CE29 /* Build configuration list for PBXProject "delight_labs_assignment" */;
			compatibilityVersion = "Xcode 14.0";
			developmentRegion = en;
			hasScannedForEncodings = 0;
			knownRegions = (
				en,
				Base,
			);
			mainGroup = 9435A2CB2B85F7740009CE29;
			packageReferences = (
				9435A2EE2B85FA280009CE29 /* XCRemoteSwiftPackageReference "RxSwift" */,
				9435A2F52B85FA360009CE29 /* XCRemoteSwiftPackageReference "SnapKit" */,
				9435A2F82B85FA560009CE29 /* XCRemoteSwiftPackageReference "Then" */,
				9435A3082B861C580009CE29 /* XCRemoteSwiftPackageReference "Charts" */,
				9435A31B2B866C990009CE29 /* XCRemoteSwiftPackageReference "realm-swift" */,
			);
			productRefGroup = 9435A2D52B85F7740009CE29 /* Products */;
			projectDirPath = "";
			projectRoot = "";
			targets = (
				9435A2D32B85F7740009CE29 /* delight_labs_assignment */,
			);
		};
/* End PBXProject section */

/* Begin PBXResourcesBuildPhase section */
		9435A2D22B85F7740009CE29 /* Resources */ = {
			isa = PBXResourcesBuildPhase;
			buildActionMask = 2147483647;
			files = (
				9435A2E42B85F7780009CE29 /* LaunchScreen.storyboard in Resources */,
				9435A2E12B85F7780009CE29 /* Assets.xcassets in Resources */,
			);
			runOnlyForDeploymentPostprocessing = 0;
		};
/* End PBXResourcesBuildPhase section */

/* Begin PBXSourcesBuildPhase section */
		9435A2D02B85F7740009CE29 /* Sources */ = {
			isa = PBXSourcesBuildPhase;
			buildActionMask = 2147483647;
			files = (
				9435A3162B862AC20009CE29 /* RecentTransactionButtonView.swift in Sources */,
				9435A30E2B861E7B0009CE29 /* TransactionModel.swift in Sources */,
				9435A2DC2B85F7740009CE29 /* ViewController.swift in Sources */,
				9435A3012B860C7F0009CE29 /* TransactionTableViewCell.swift in Sources */,
				9435A3052B8611A50009CE29 /* UIViewController+.swift in Sources */,
				9435A2D82B85F7740009CE29 /* AppDelegate.swift in Sources */,
				9435A2DA2B85F7740009CE29 /* SceneDelegate.swift in Sources */,
				9435A2FC2B85FB8F0009CE29 /* TransactionTopView.swift in Sources */,
				9435A3072B86154F0009CE29 /* UIColor+.swift in Sources */,
				9435A31A2B865F290009CE29 /* splitTransactionData.swift in Sources */,
				9435A30C2B861DF50009CE29 /* TransactionViewModel.swift in Sources */,
			);
			runOnlyForDeploymentPostprocessing = 0;
		};
/* End PBXSourcesBuildPhase section */

/* Begin PBXVariantGroup section */
		9435A2E22B85F7780009CE29 /* LaunchScreen.storyboard */ = {
			isa = PBXVariantGroup;
			children = (
				9435A2E32B85F7780009CE29 /* Base */,
			);
			name = LaunchScreen.storyboard;
			sourceTree = "<group>";
		};
/* End PBXVariantGroup section */

/* Begin XCBuildConfiguration section */
		9435A2E62B85F7780009CE29 /* Debug */ = {
			isa = XCBuildConfiguration;
			buildSettings = {
				ALWAYS_SEARCH_USER_PATHS = NO;
				ASSETCATALOG_COMPILER_GENERATE_SWIFT_ASSET_SYMBOL_EXTENSIONS = YES;
				CLANG_ANALYZER_NONNULL = YES;
				CLANG_ANALYZER_NUMBER_OBJECT_CONVERSION = YES_AGGRESSIVE;
				CLANG_CXX_LANGUAGE_STANDARD = "gnu++20";
				CLANG_ENABLE_MODULES = YES;
				CLANG_ENABLE_OBJC_ARC = YES;
				CLANG_ENABLE_OBJC_WEAK = YES;
				CLANG_WARN_BLOCK_CAPTURE_AUTORELEASING = YES;
				CLANG_WARN_BOOL_CONVERSION = YES;
				CLANG_WARN_COMMA = YES;
				CLANG_WARN_CONSTANT_CONVERSION = YES;
				CLANG_WARN_DEPRECATED_OBJC_IMPLEMENTATIONS = YES;
				CLANG_WARN_DIRECT_OBJC_ISA_USAGE = YES_ERROR;
				CLANG_WARN_DOCUMENTATION_COMMENTS = YES;
				CLANG_WARN_EMPTY_BODY = YES;
				CLANG_WARN_ENUM_CONVERSION = YES;
				CLANG_WARN_INFINITE_RECURSION = YES;
				CLANG_WARN_INT_CONVERSION = YES;
				CLANG_WARN_NON_LITERAL_NULL_CONVERSION = YES;
				CLANG_WARN_OBJC_IMPLICIT_RETAIN_SELF = YES;
				CLANG_WARN_OBJC_LITERAL_CONVERSION = YES;
				CLANG_WARN_OBJC_ROOT_CLASS = YES_ERROR;
				CLANG_WARN_QUOTED_INCLUDE_IN_FRAMEWORK_HEADER = YES;
				CLANG_WARN_RANGE_LOOP_ANALYSIS = YES;
				CLANG_WARN_STRICT_PROTOTYPES = YES;
				CLANG_WARN_SUSPICIOUS_MOVE = YES;
				CLANG_WARN_UNGUARDED_AVAILABILITY = YES_AGGRESSIVE;
				CLANG_WARN_UNREACHABLE_CODE = YES;
				CLANG_WARN__DUPLICATE_METHOD_MATCH = YES;
				COPY_PHASE_STRIP = NO;
				DEBUG_INFORMATION_FORMAT = dwarf;
				ENABLE_STRICT_OBJC_MSGSEND = YES;
				ENABLE_TESTABILITY = YES;
				ENABLE_USER_SCRIPT_SANDBOXING = YES;
				GCC_C_LANGUAGE_STANDARD = gnu17;
				GCC_DYNAMIC_NO_PIC = NO;
				GCC_NO_COMMON_BLOCKS = YES;
				GCC_OPTIMIZATION_LEVEL = 0;
				GCC_PREPROCESSOR_DEFINITIONS = (
					"DEBUG=1",
					"$(inherited)",
				);
				GCC_WARN_64_TO_32_BIT_CONVERSION = YES;
				GCC_WARN_ABOUT_RETURN_TYPE = YES_ERROR;
				GCC_WARN_UNDECLARED_SELECTOR = YES;
				GCC_WARN_UNINITIALIZED_AUTOS = YES_AGGRESSIVE;
				GCC_WARN_UNUSED_FUNCTION = YES;
				GCC_WARN_UNUSED_VARIABLE = YES;
				IPHONEOS_DEPLOYMENT_TARGET = 17.2;
				LOCALIZATION_PREFERS_STRING_CATALOGS = YES;
				MTL_ENABLE_DEBUG_INFO = INCLUDE_SOURCE;
				MTL_FAST_MATH = YES;
				ONLY_ACTIVE_ARCH = YES;
				SDKROOT = iphoneos;
				SWIFT_ACTIVE_COMPILATION_CONDITIONS = "DEBUG $(inherited)";
				SWIFT_OPTIMIZATION_LEVEL = "-Onone";
			};
			name = Debug;
		};
		9435A2E72B85F7780009CE29 /* Release */ = {
			isa = XCBuildConfiguration;
			buildSettings = {
				ALWAYS_SEARCH_USER_PATHS = NO;
				ASSETCATALOG_COMPILER_GENERATE_SWIFT_ASSET_SYMBOL_EXTENSIONS = YES;
				CLANG_ANALYZER_NONNULL = YES;
				CLANG_ANALYZER_NUMBER_OBJECT_CONVERSION = YES_AGGRESSIVE;
				CLANG_CXX_LANGUAGE_STANDARD = "gnu++20";
				CLANG_ENABLE_MODULES = YES;
				CLANG_ENABLE_OBJC_ARC = YES;
				CLANG_ENABLE_OBJC_WEAK = YES;
				CLANG_WARN_BLOCK_CAPTURE_AUTORELEASING = YES;
				CLANG_WARN_BOOL_CONVERSION = YES;
				CLANG_WARN_COMMA = YES;
				CLANG_WARN_CONSTANT_CONVERSION = YES;
				CLANG_WARN_DEPRECATED_OBJC_IMPLEMENTATIONS = YES;
				CLANG_WARN_DIRECT_OBJC_ISA_USAGE = YES_ERROR;
				CLANG_WARN_DOCUMENTATION_COMMENTS = YES;
				CLANG_WARN_EMPTY_BODY = YES;
				CLANG_WARN_ENUM_CONVERSION = YES;
				CLANG_WARN_INFINITE_RECURSION = YES;
				CLANG_WARN_INT_CONVERSION = YES;
				CLANG_WARN_NON_LITERAL_NULL_CONVERSION = YES;
				CLANG_WARN_OBJC_IMPLICIT_RETAIN_SELF = YES;
				CLANG_WARN_OBJC_LITERAL_CONVERSION = YES;
				CLANG_WARN_OBJC_ROOT_CLASS = YES_ERROR;
				CLANG_WARN_QUOTED_INCLUDE_IN_FRAMEWORK_HEADER = YES;
				CLANG_WARN_RANGE_LOOP_ANALYSIS = YES;
				CLANG_WARN_STRICT_PROTOTYPES = YES;
				CLANG_WARN_SUSPICIOUS_MOVE = YES;
				CLANG_WARN_UNGUARDED_AVAILABILITY = YES_AGGRESSIVE;
				CLANG_WARN_UNREACHABLE_CODE = YES;
				CLANG_WARN__DUPLICATE_METHOD_MATCH = YES;
				COPY_PHASE_STRIP = NO;
				DEBUG_INFORMATION_FORMAT = "dwarf-with-dsym";
				ENABLE_NS_ASSERTIONS = NO;
				ENABLE_STRICT_OBJC_MSGSEND = YES;
				ENABLE_USER_SCRIPT_SANDBOXING = YES;
				GCC_C_LANGUAGE_STANDARD = gnu17;
				GCC_NO_COMMON_BLOCKS = YES;
				GCC_WARN_64_TO_32_BIT_CONVERSION = YES;
				GCC_WARN_ABOUT_RETURN_TYPE = YES_ERROR;
				GCC_WARN_UNDECLARED_SELECTOR = YES;
				GCC_WARN_UNINITIALIZED_AUTOS = YES_AGGRESSIVE;
				GCC_WARN_UNUSED_FUNCTION = YES;
				GCC_WARN_UNUSED_VARIABLE = YES;
				IPHONEOS_DEPLOYMENT_TARGET = 17.2;
				LOCALIZATION_PREFERS_STRING_CATALOGS = YES;
				MTL_ENABLE_DEBUG_INFO = NO;
				MTL_FAST_MATH = YES;
				SDKROOT = iphoneos;
				SWIFT_COMPILATION_MODE = wholemodule;
				VALIDATE_PRODUCT = YES;
			};
			name = Release;
		};
		9435A2E92B85F7780009CE29 /* Debug */ = {
			isa = XCBuildConfiguration;
			buildSettings = {
				ASSETCATALOG_COMPILER_APPICON_NAME = AppIcon;
				ASSETCATALOG_COMPILER_GLOBAL_ACCENT_COLOR_NAME = AccentColor;
				CODE_SIGN_STYLE = Automatic;
				CURRENT_PROJECT_VERSION = 1;
				GENERATE_INFOPLIST_FILE = YES;
				INFOPLIST_FILE = delight_labs_assignment/Info.plist;
				INFOPLIST_KEY_UIApplicationSupportsIndirectInputEvents = YES;
				INFOPLIST_KEY_UILaunchStoryboardName = LaunchScreen;
				INFOPLIST_KEY_UISupportedInterfaceOrientations_iPad = "UIInterfaceOrientationPortrait UIInterfaceOrientationPortraitUpsideDown UIInterfaceOrientationLandscapeLeft UIInterfaceOrientationLandscapeRight";
				INFOPLIST_KEY_UISupportedInterfaceOrientations_iPhone = "UIInterfaceOrientationPortrait UIInterfaceOrientationLandscapeLeft UIInterfaceOrientationLandscapeRight";
				LD_RUNPATH_SEARCH_PATHS = (
					"$(inherited)",
					"@executable_path/Frameworks",
				);
				MARKETING_VERSION = 1.0;
				PRODUCT_BUNDLE_IDENTIFIER = "jm.delight-labs-assignment";
				PRODUCT_NAME = "$(TARGET_NAME)";
				SWIFT_EMIT_LOC_STRINGS = YES;
				SWIFT_VERSION = 5.0;
				TARGETED_DEVICE_FAMILY = "1,2";
			};
			name = Debug;
		};
		9435A2EA2B85F7780009CE29 /* Release */ = {
			isa = XCBuildConfiguration;
			buildSettings = {
				ASSETCATALOG_COMPILER_APPICON_NAME = AppIcon;
				ASSETCATALOG_COMPILER_GLOBAL_ACCENT_COLOR_NAME = AccentColor;
				CODE_SIGN_STYLE = Automatic;
				CURRENT_PROJECT_VERSION = 1;
				GENERATE_INFOPLIST_FILE = YES;
				INFOPLIST_FILE = delight_labs_assignment/Info.plist;
				INFOPLIST_KEY_UIApplicationSupportsIndirectInputEvents = YES;
				INFOPLIST_KEY_UILaunchStoryboardName = LaunchScreen;
				INFOPLIST_KEY_UISupportedInterfaceOrientations_iPad = "UIInterfaceOrientationPortrait UIInterfaceOrientationPortraitUpsideDown UIInterfaceOrientationLandscapeLeft UIInterfaceOrientationLandscapeRight";
				INFOPLIST_KEY_UISupportedInterfaceOrientations_iPhone = "UIInterfaceOrientationPortrait UIInterfaceOrientationLandscapeLeft UIInterfaceOrientationLandscapeRight";
				LD_RUNPATH_SEARCH_PATHS = (
					"$(inherited)",
					"@executable_path/Frameworks",
				);
				MARKETING_VERSION = 1.0;
				PRODUCT_BUNDLE_IDENTIFIER = "jm.delight-labs-assignment";
				PRODUCT_NAME = "$(TARGET_NAME)";
				SWIFT_EMIT_LOC_STRINGS = YES;
				SWIFT_VERSION = 5.0;
				TARGETED_DEVICE_FAMILY = "1,2";
			};
			name = Release;
		};
/* End XCBuildConfiguration section */

/* Begin XCConfigurationList section */
		9435A2CF2B85F7740009CE29 /* Build configuration list for PBXProject "delight_labs_assignment" */ = {
			isa = XCConfigurationList;
			buildConfigurations = (
				9435A2E62B85F7780009CE29 /* Debug */,
				9435A2E72B85F7780009CE29 /* Release */,
			);
			defaultConfigurationIsVisible = 0;
			defaultConfigurationName = Release;
		};
		9435A2E82B85F7780009CE29 /* Build configuration list for PBXNativeTarget "delight_labs_assignment" */ = {
			isa = XCConfigurationList;
			buildConfigurations = (
				9435A2E92B85F7780009CE29 /* Debug */,
				9435A2EA2B85F7780009CE29 /* Release */,
			);
			defaultConfigurationIsVisible = 0;
			defaultConfigurationName = Release;
		};
/* End XCConfigurationList section */

/* Begin XCRemoteSwiftPackageReference section */
		9435A2EE2B85FA280009CE29 /* XCRemoteSwiftPackageReference "RxSwift" */ = {
			isa = XCRemoteSwiftPackageReference;
			repositoryURL = "https://github.com/ReactiveX/RxSwift.git";
			requirement = {
				kind = upToNextMajorVersion;
				minimumVersion = 6.6.0;
			};
		};
		9435A2F52B85FA360009CE29 /* XCRemoteSwiftPackageReference "SnapKit" */ = {
			isa = XCRemoteSwiftPackageReference;
			repositoryURL = "https://github.com/SnapKit/SnapKit.git";
			requirement = {
				kind = upToNextMajorVersion;
				minimumVersion = 5.7.1;
			};
		};
		9435A2F82B85FA560009CE29 /* XCRemoteSwiftPackageReference "Then" */ = {
			isa = XCRemoteSwiftPackageReference;
			repositoryURL = "https://github.com/devxoul/Then.git";
			requirement = {
				kind = upToNextMajorVersion;
				minimumVersion = 3.0.0;
			};
		};
		9435A3082B861C580009CE29 /* XCRemoteSwiftPackageReference "Charts" */ = {
			isa = XCRemoteSwiftPackageReference;
			repositoryURL = "https://github.com/danielgindi/Charts.git";
			requirement = {
				kind = upToNextMajorVersion;
				minimumVersion = 5.1.0;
			};
		};
		9435A31B2B866C990009CE29 /* XCRemoteSwiftPackageReference "realm-swift" */ = {
			isa = XCRemoteSwiftPackageReference;
			repositoryURL = "https://github.com/realm/realm-swift.git";
			requirement = {
				kind = upToNextMajorVersion;
				minimumVersion = 10.47.0;
			};
		};
/* End XCRemoteSwiftPackageReference section */

/* Begin XCSwiftPackageProductDependency section */
		9435A2EF2B85FA290009CE29 /* RxCocoa */ = {
			isa = XCSwiftPackageProductDependency;
			package = 9435A2EE2B85FA280009CE29 /* XCRemoteSwiftPackageReference "RxSwift" */;
			productName = RxCocoa;
		};
		9435A2F12B85FA290009CE29 /* RxRelay */ = {
			isa = XCSwiftPackageProductDependency;
			package = 9435A2EE2B85FA280009CE29 /* XCRemoteSwiftPackageReference "RxSwift" */;
			productName = RxRelay;
		};
		9435A2F32B85FA290009CE29 /* RxSwift */ = {
			isa = XCSwiftPackageProductDependency;
			package = 9435A2EE2B85FA280009CE29 /* XCRemoteSwiftPackageReference "RxSwift" */;
			productName = RxSwift;
		};
		9435A2F62B85FA360009CE29 /* SnapKit */ = {
			isa = XCSwiftPackageProductDependency;
			package = 9435A2F52B85FA360009CE29 /* XCRemoteSwiftPackageReference "SnapKit" */;
			productName = SnapKit;
		};
		9435A2F92B85FA560009CE29 /* Then */ = {
			isa = XCSwiftPackageProductDependency;
			package = 9435A2F82B85FA560009CE29 /* XCRemoteSwiftPackageReference "Then" */;
			productName = Then;
		};
		9435A3092B861C580009CE29 /* DGCharts */ = {
			isa = XCSwiftPackageProductDependency;
			package = 9435A3082B861C580009CE29 /* XCRemoteSwiftPackageReference "Charts" */;
			productName = DGCharts;
		};
		9435A31C2B866C990009CE29 /* Realm */ = {
			isa = XCSwiftPackageProductDependency;
			package = 9435A31B2B866C990009CE29 /* XCRemoteSwiftPackageReference "realm-swift" */;
			productName = Realm;
		};
		9435A31E2B866C990009CE29 /* RealmSwift */ = {
			isa = XCSwiftPackageProductDependency;
			package = 9435A31B2B866C990009CE29 /* XCRemoteSwiftPackageReference "realm-swift" */;
			productName = RealmSwift;
		};
/* End XCSwiftPackageProductDependency section */
	};
	rootObject = 9435A2CC2B85F7740009CE29 /* Project object */;
}
